{
  "originHash" : "bb4a7eacb589e866648f223740500be6b1586034e22aa79cd9900066007f17d2",
  "pins" : [
    {
      "identity" : "beam",
      "kind" : "remoteSourceControl",
      "location" : "https://github.com/tornikegomareli/beam.git",
      "state" : {
        "revision" : "96eb0e2973326d2bce7bc3d4da3950b2fdfbf437",
        "version" : "0.1.0"
      }
    }
  ],
  "version" : 3
}
